// !$*UTF8*$!
{
	archiveVersion = 1;
	classes = {
	};
	objectVersion = 50;
	objects = {

/* Begin PBXBuildFile section */
		5034661023F705830096F86A /* AppDelegate.swift in Sources */ = {isa = PBXBuildFile; fileRef = 5034660F23F705830096F86A /* AppDelegate.swift */; };
		5034661223F705830096F86A /* SceneDelegate.swift in Sources */ = {isa = PBXBuildFile; fileRef = 5034661123F705830096F86A /* SceneDelegate.swift */; };
		5034661423F705830096F86A /* ViewController.swift in Sources */ = {isa = PBXBuildFile; fileRef = 5034661323F705830096F86A /* ViewController.swift */; };
		5034661723F705830096F86A /* Main.storyboard in Resources */ = {isa = PBXBuildFile; fileRef = 5034661523F705830096F86A /* Main.storyboard */; };
		5034661923F705870096F86A /* Assets.xcassets in Resources */ = {isa = PBXBuildFile; fileRef = 5034661823F705870096F86A /* Assets.xcassets */; };
		5034661C23F705870096F86A /* LaunchScreen.storyboard in Resources */ = {isa = PBXBuildFile; fileRef = 5034661A23F705870096F86A /* LaunchScreen.storyboard */; };
		5034662723F705880096F86A /* Homework_3_WeaklandTests.swift in Sources */ = {isa = PBXBuildFile; fileRef = 5034662623F705880096F86A /* Homework_3_WeaklandTests.swift */; };
		5034663223F705880096F86A /* Homework_3_WeaklandUITests.swift in Sources */ = {isa = PBXBuildFile; fileRef = 5034663123F705880096F86A /* Homework_3_WeaklandUITests.swift */; };
/* End PBXBuildFile section */

/* Begin PBXContainerItemProxy section */
		5034662323F705880096F86A /* PBXContainerItemProxy */ = {
			isa = PBXContainerItemProxy;
			containerPortal = 5034660423F705830096F86A /* Project object */;
			proxyType = 1;
			remoteGlobalIDString = 5034660B23F705830096F86A;
			remoteInfo = "Homework 3 Weakland";
		};
		5034662E23F705880096F86A /* PBXContainerItemProxy */ = {
			isa = PBXContainerItemProxy;
			containerPortal = 5034660423F705830096F86A /* Project object */;
			proxyType = 1;
			remoteGlobalIDString = 5034660B23F705830096F86A;
			remoteInfo = "Homework 3 Weakland";
		};
/* End PBXContainerItemProxy section */

/* Begin PBXFileReference section */
		5034660C23F705830096F86A /* Homework 3 Weakland.app */ = {isa = PBXFileReference; explicitFileType = wrapper.application; includeInIndex = 0; path = "Homework 3 Weakland.app"; sourceTree = BUILT_PRODUCTS_DIR; };
		5034660F23F705830096F86A /* AppDelegate.swift */ = {isa = PBXFileReference; lastKnownFileType = sourcecode.swift; path = AppDelegate.swift; sourceTree = "<group>"; };
		5034661123F705830096F86A /* SceneDelegate.swift */ = {isa = PBXFileReference; lastKnownFileType = sourcecode.swift; path = SceneDelegate.swift; sourceTree = "<group>"; };
		5034661323F705830096F86A /* ViewController.swift */ = {isa = PBXFileReference; lastKnownFileType = sourcecode.swift; path = ViewController.swift; sourceTree = "<group>"; };
		5034661623F705830096F86A /* Base */ = {isa = PBXFileReference; lastKnownFileType = file.storyboard; name = Base; path = Base.lproj/Main.storyboard; sourceTree = "<group>"; };
		5034661823F705870096F86A /* Assets.xcassets */ = {isa = PBXFileReference; lastKnownFileType = folder.assetcatalog; path = Assets.xcassets; sourceTree = "<group>"; };
		5034661B23F705870096F86A /* Base */ = {isa = PBXFileReference; lastKnownFileType = file.storyboard; name = Base; path = Base.lproj/LaunchScreen.storyboard; sourceTree = "<group>"; };
		5034661D23F705870096F86A /* Info.plist */ = {isa = PBXFileReference; lastKnownFileType = text.plist.xml; path = Info.plist; sourceTree = "<group>"; };
		5034662223F705880096F86A /* Homework 3 WeaklandTests.xctest */ = {isa = PBXFileReference; explicitFileType = wrapper.cfbundle; includeInIndex = 0; path = "Homework 3 WeaklandTests.xctest"; sourceTree = BUILT_PRODUCTS_DIR; };
		5034662623F705880096F86A /* Homework_3_WeaklandTests.swift */ = {isa = PBXFileReference; lastKnownFileType = sourcecode.swift; path = Homework_3_WeaklandTests.swift; sourceTree = "<group>"; };
		5034662823F705880096F86A /* Info.plist */ = {isa = PBXFileReference; lastKnownFileType = text.plist.xml; path = Info.plist; sourceTree = "<group>"; };
		5034662D23F705880096F86A /* Homework 3 WeaklandUITests.xctest */ = {isa = PBXFileReference; explicitFileType = wrapper.cfbundle; includeInIndex = 0; path = "Homework 3 WeaklandUITests.xctest"; sourceTree = BUILT_PRODUCTS_DIR; };
		5034663123F705880096F86A /* Homework_3_WeaklandUITests.swift */ = {isa = PBXFileReference; lastKnownFileType = sourcecode.swift; path = Homework_3_WeaklandUITests.swift; sourceTree = "<group>"; };
		5034663323F705880096F86A /* Info.plist */ = {isa = PBXFileReference; lastKnownFileType = text.plist.xml; path = Info.plist; sourceTree = "<group>"; };
/* End PBXFileReference section */

/* Begin PBXFrameworksBuildPhase section */
		5034660923F705830096F86A /* Frameworks */ = {
			isa = PBXFrameworksBuildPhase;
			buildActionMask = 2147483647;
			files = (
			);
			runOnlyForDeploymentPostprocessing = 0;
		};
		5034661F23F705880096F86A /* Frameworks */ = {
			isa = PBXFrameworksBuildPhase;
			buildActionMask = 2147483647;
			files = (
			);
			runOnlyForDeploymentPostprocessing = 0;
		};
		5034662A23F705880096F86A /* Frameworks */ = {
			isa = PBXFrameworksBuildPhase;
			buildActionMask = 2147483647;
			files = (
			);
			runOnlyForDeploymentPostprocessing = 0;
		};
/* End PBXFrameworksBuildPhase section */

/* Begin PBXGroup section */
		5034660323F705830096F86A = {
			isa = PBXGroup;
			children = (
				5034660E23F705830096F86A /* Homework 3 Weakland */,
				5034662523F705880096F86A /* Homework 3 WeaklandTests */,
				5034663023F705880096F86A /* Homework 3 WeaklandUITests */,
				5034660D23F705830096F86A /* Products */,
			);
			sourceTree = "<group>";
		};
		5034660D23F705830096F86A /* Products */ = {
			isa = PBXGroup;
			children = (
				5034660C23F705830096F86A /* Homework 3 Weakland.app */,
				5034662223F705880096F86A /* Homework 3 WeaklandTests.xctest */,
				5034662D23F705880096F86A /* Homework 3 WeaklandUITests.xctest */,
			);
			name = Products;
			sourceTree = "<group>";
		};
		5034660E23F705830096F86A /* Homework 3 Weakland */ = {
			isa = PBXGroup;
			children = (
				5034660F23F705830096F86A /* AppDelegate.swift */,
				5034661123F705830096F86A /* SceneDelegate.swift */,
				5034661323F705830096F86A /* ViewController.swift */,
				5034661523F705830096F86A /* Main.storyboard */,
				5034661823F705870096F86A /* Assets.xcassets */,
				5034661A23F705870096F86A /* LaunchScreen.storyboard */,
				5034661D23F705870096F86A /* Info.plist */,
			);
			path = "Homework 3 Weakland";
			sourceTree = "<group>";
		};
		5034662523F705880096F86A /* Homework 3 WeaklandTests */ = {
			isa = PBXGroup;
			children = (
				5034662623F705880096F86A /* Homework_3_WeaklandTests.swift */,
				5034662823F705880096F86A /* Info.plist */,
			);
			path = "Homework 3 WeaklandTests";
			sourceTree = "<group>";
		};
		5034663023F705880096F86A /* Homework 3 WeaklandUITests */ = {
			isa = PBXGroup;
			children = (
				5034663123F705880096F86A /* Homework_3_WeaklandUITests.swift */,
				5034663323F705880096F86A /* Info.plist */,
			);
			path = "Homework 3 WeaklandUITests";
			sourceTree = "<group>";
		};
/* End PBXGroup section */

/* Begin PBXNativeTarget section */
		5034660B23F705830096F86A /* Homework 3 Weakland */ = {
			isa = PBXNativeTarget;
			buildConfigurationList = 5034663623F705880096F86A /* Build configuration list for PBXNativeTarget "Homework 3 Weakland" */;
			buildPhases = (
				5034660823F705830096F86A /* Sources */,
				5034660923F705830096F86A /* Frameworks */,
				5034660A23F705830096F86A /* Resources */,
			);
			buildRules = (
			);
			dependencies = (
			);
			name = "Homework 3 Weakland";
			productName = "Homework 3 Weakland";
			productReference = 5034660C23F705830096F86A /* Homework 3 Weakland.app */;
			productType = "com.apple.product-type.application";
		};
		5034662123F705880096F86A /* Homework 3 WeaklandTests */ = {
			isa = PBXNativeTarget;
			buildConfigurationList = 5034663923F705880096F86A /* Build configuration list for PBXNativeTarget "Homework 3 WeaklandTests" */;
			buildPhases = (
				5034661E23F705880096F86A /* Sources */,
				5034661F23F705880096F86A /* Frameworks */,
				5034662023F705880096F86A /* Resources */,
			);
			buildRules = (
			);
			dependencies = (
				5034662423F705880096F86A /* PBXTargetDependency */,
			);
			name = "Homework 3 WeaklandTests";
			productName = "Homework 3 WeaklandTests";
			productReference = 5034662223F705880096F86A /* Homework 3 WeaklandTests.xctest */;
			productType = "com.apple.product-type.bundle.unit-test";
		};
		5034662C23F705880096F86A /* Homework 3 WeaklandUITests */ = {
			isa = PBXNativeTarget;
			buildConfigurationList = 5034663C23F705880096F86A /* Build configuration list for PBXNativeTarget "Homework 3 WeaklandUITests" */;
			buildPhases = (
				5034662923F705880096F86A /* Sources */,
				5034662A23F705880096F86A /* Frameworks */,
				5034662B23F705880096F86A /* Resources */,
			);
			buildRules = (
			);
			dependencies = (
				5034662F23F705880096F86A /* PBXTargetDependency */,
			);
			name = "Homework 3 WeaklandUITests";
			productName = "Homework 3 WeaklandUITests";
			productReference = 5034662D23F705880096F86A /* Homework 3 WeaklandUITests.xctest */;
			productType = "com.apple.product-type.bundle.ui-testing";
		};
/* End PBXNativeTarget section */

/* Begin PBXProject section */
		5034660423F705830096F86A /* Project object */ = {
			isa = PBXProject;
			attributes = {
				LastSwiftUpdateCheck = 1130;
				LastUpgradeCheck = 1130;
				ORGANIZATIONNAME = "Lucas Weakland";
				TargetAttributes = {
					5034660B23F705830096F86A = {
						CreatedOnToolsVersion = 11.3.1;
					};
					5034662123F705880096F86A = {
						CreatedOnToolsVersion = 11.3.1;
						TestTargetID = 5034660B23F705830096F86A;
					};
					5034662C23F705880096F86A = {
						CreatedOnToolsVersion = 11.3.1;
						TestTargetID = 5034660B23F705830096F86A;
					};
				};
			};
			buildConfigurationList = 5034660723F705830096F86A /* Build configuration list for PBXProject "Homework 3 Weakland" */;
			compatibilityVersion = "Xcode 9.3";
			developmentRegion = en;
			hasScannedForEncodings = 0;
			knownRegions = (
				en,
				Base,
			);
			mainGroup = 5034660323F705830096F86A;
			productRefGroup = 5034660D23F705830096F86A /* Products */;
			projectDirPath = "";
			projectRoot = "";
			targets = (
				5034660B23F705830096F86A /* Homework 3 Weakland */,
				5034662123F705880096F86A /* Homework 3 WeaklandTests */,
				5034662C23F705880096F86A /* Homework 3 WeaklandUITests */,
			);
		};
/* End PBXProject section */

/* Begin PBXResourcesBuildPhase section */
		5034660A23F705830096F86A /* Resources */ = {
			isa = PBXResourcesBuildPhase;
			buildActionMask = 2147483647;
			files = (
				5034661C23F705870096F86A /* LaunchScreen.storyboard in Resources */,
				5034661923F705870096F86A /* Assets.xcassets in Resources */,
				5034661723F705830096F86A /* Main.storyboard in Resources */,
			);
			runOnlyForDeploymentPostprocessing = 0;
		};
		5034662023F705880096F86A /* Resources */ = {
			isa = PBXResourcesBuildPhase;
			buildActionMask = 2147483647;
			files = (
			);
			runOnlyForDeploymentPostprocessing = 0;
		};
		5034662B23F705880096F86A /* Resources */ = {
			isa = PBXResourcesBuildPhase;
			buildActionMask = 2147483647;
			files = (
			);
			runOnlyForDeploymentPostprocessing = 0;
		};
/* End PBXResourcesBuildPhase section */

/* Begin PBXSourcesBuildPhase section */
		5034660823F705830096F86A /* Sources */ = {
			isa = PBXSourcesBuildPhase;
			buildActionMask = 2147483647;
			files = (
				5034661423F705830096F86A /* ViewController.swift in Sources */,
				5034661023F705830096F86A /* AppDelegate.swift in Sources */,
				5034661223F705830096F86A /* SceneDelegate.swift in Sources */,
			);
			runOnlyForDeploymentPostprocessing = 0;
		};
		5034661E23F705880096F86A /* Sources */ = {
			isa = PBXSourcesBuildPhase;
			buildActionMask = 2147483647;
			files = (
				5034662723F705880096F86A /* Homework_3_WeaklandTests.swift in Sources */,
			);
			runOnlyForDeploymentPostprocessing = 0;
		};
		5034662923F705880096F86A /* Sources */ = {
			isa = PBXSourcesBuildPhase;
			buildActionMask = 2147483647;
			files = (
				5034663223F705880096F86A /* Homework_3_WeaklandUITests.swift in Sources */,
			);
			runOnlyForDeploymentPostprocessing = 0;
		};
/* End PBXSourcesBuildPhase section */

/* Begin PBXTargetDependency section */
		5034662423F705880096F86A /* PBXTargetDependency */ = {
			isa = PBXTargetDependency;
			target = 5034660B23F705830096F86A /* Homework 3 Weakland */;
			targetProxy = 5034662323F705880096F86A /* PBXContainerItemProxy */;
		};
		5034662F23F705880096F86A /* PBXTargetDependency */ = {
			isa = PBXTargetDependency;
			target = 5034660B23F705830096F86A /* Homework 3 Weakland */;
			targetProxy = 5034662E23F705880096F86A /* PBXContainerItemProxy */;
		};
/* End PBXTargetDependency section */

/* Begin PBXVariantGroup section */
		5034661523F705830096F86A /* Main.storyboard */ = {
			isa = PBXVariantGroup;
			children = (
				5034661623F705830096F86A /* Base */,
			);
			name = Main.storyboard;
			sourceTree = "<group>";
		};
		5034661A23F705870096F86A /* LaunchScreen.storyboard */ = {
			isa = PBXVariantGroup;
			children = (
				5034661B23F705870096F86A /* Base */,
			);
			name = LaunchScreen.storyboard;
			sourceTree = "<group>";
		};
/* End PBXVariantGroup section */

/* Begin XCBuildConfiguration section */
		5034663423F705880096F86A /* Debug */ = {
			isa = XCBuildConfiguration;
			buildSettings = {
				ALWAYS_SEARCH_USER_PATHS = NO;
				CLANG_ANALYZER_NONNULL = YES;
				CLANG_ANALYZER_NUMBER_OBJECT_CONVERSION = YES_AGGRESSIVE;
				CLANG_CXX_LANGUAGE_STANDARD = "gnu++14";
				CLANG_CXX_LIBRARY = "libc++";
				CLANG_ENABLE_MODULES = YES;
				CLANG_ENABLE_OBJC_ARC = YES;
				CLANG_ENABLE_OBJC_WEAK = YES;
				CLANG_WARN_BLOCK_CAPTURE_AUTORELEASING = YES;
				CLANG_WARN_BOOL_CONVERSION = YES;
				CLANG_WARN_COMMA = YES;
				CLANG_WARN_CONSTANT_CONVERSION = YES;
				CLANG_WARN_DEPRECATED_OBJC_IMPLEMENTATIONS = YES;
				CLANG_WARN_DIRECT_OBJC_ISA_USAGE = YES_ERROR;
				CLANG_WARN_DOCUMENTATION_COMMENTS = YES;
				CLANG_WARN_EMPTY_BODY = YES;
				CLANG_WARN_ENUM_CONVERSION = YES;
				CLANG_WARN_INFINITE_RECURSION = YES;
				CLANG_WARN_INT_CONVERSION = YES;
				CLANG_WARN_NON_LITERAL_NULL_CONVERSION = YES;
				CLANG_WARN_OBJC_IMPLICIT_RETAIN_SELF = YES;
				CLANG_WARN_OBJC_LITERAL_CONVERSION = YES;
				CLANG_WARN_OBJC_ROOT_CLASS = YES_ERROR;
				CLANG_WARN_RANGE_LOOP_ANALYSIS = YES;
				CLANG_WARN_STRICT_PROTOTYPES = YES;
				CLANG_WARN_SUSPICIOUS_MOVE = YES;
				CLANG_WARN_UNGUARDED_AVAILABILITY = YES_AGGRESSIVE;
				CLANG_WARN_UNREACHABLE_CODE = YES;
				CLANG_WARN__DUPLICATE_METHOD_MATCH = YES;
				COPY_PHASE_STRIP = NO;
				DEBUG_INFORMATION_FORMAT = dwarf;
				ENABLE_STRICT_OBJC_MSGSEND = YES;
				ENABLE_TESTABILITY = YES;
				GCC_C_LANGUAGE_STANDARD = gnu11;
				GCC_DYNAMIC_NO_PIC = NO;
				GCC_NO_COMMON_BLOCKS = YES;
				GCC_OPTIMIZATION_LEVEL = 0;
				GCC_PREPROCESSOR_DEFINITIONS = (
					"DEBUG=1",
					"$(inherited)",
				);
				GCC_WARN_64_TO_32_BIT_CONVERSION = YES;
				GCC_WARN_ABOUT_RETURN_TYPE = YES_ERROR;
				GCC_WARN_UNDECLARED_SELECTOR = YES;
				GCC_WARN_UNINITIALIZED_AUTOS = YES_AGGRESSIVE;
				GCC_WARN_UNUSED_FUNCTION = YES;
				GCC_WARN_UNUSED_VARIABLE = YES;
				IPHONEOS_DEPLOYMENT_TARGET = 13.2;
				MTL_ENABLE_DEBUG_INFO = INCLUDE_SOURCE;
				MTL_FAST_MATH = YES;
				ONLY_ACTIVE_ARCH = YES;
				SDKROOT = iphoneos;
				SWIFT_ACTIVE_COMPILATION_CONDITIONS = DEBUG;
				SWIFT_OPTIMIZATION_LEVEL = "-Onone";
			};
			name = Debug;
		};
		5034663523F705880096F86A /* Release */ = {
			isa = XCBuildConfiguration;
			buildSettings = {
				ALWAYS_SEARCH_USER_PATHS = NO;
				CLANG_ANALYZER_NONNULL = YES;
				CLANG_ANALYZER_NUMBER_OBJECT_CONVERSION = YES_AGGRESSIVE;
				CLANG_CXX_LANGUAGE_STANDARD = "gnu++14";
				CLANG_CXX_LIBRARY = "libc++";
				CLANG_ENABLE_MODULES = YES;
				CLANG_ENABLE_OBJC_ARC = YES;
				CLANG_ENABLE_OBJC_WEAK = YES;
				CLANG_WARN_BLOCK_CAPTURE_AUTORELEASING = YES;
				CLANG_WARN_BOOL_CONVERSION = YES;
				CLANG_WARN_COMMA = YES;
				CLANG_WARN_CONSTANT_CONVERSION = YES;
				CLANG_WARN_DEPRECATED_OBJC_IMPLEMENTATIONS = YES;
				CLANG_WARN_DIRECT_OBJC_ISA_USAGE = YES_ERROR;
				CLANG_WARN_DOCUMENTATION_COMMENTS = YES;
				CLANG_WARN_EMPTY_BODY = YES;
				CLANG_WARN_ENUM_CONVERSION = YES;
				CLANG_WARN_INFINITE_RECURSION = YES;
				CLANG_WARN_INT_CONVERSION = YES;
				CLANG_WARN_NON_LITERAL_NULL_CONVERSION = YES;
				CLANG_WARN_OBJC_IMPLICIT_RETAIN_SELF = YES;
				CLANG_WARN_OBJC_LITERAL_CONVERSION = YES;
				CLANG_WARN_OBJC_ROOT_CLASS = YES_ERROR;
				CLANG_WARN_RANGE_LOOP_ANALYSIS = YES;
				CLANG_WARN_STRICT_PROTOTYPES = YES;
				CLANG_WARN_SUSPICIOUS_MOVE = YES;
				CLANG_WARN_UNGUARDED_AVAILABILITY = YES_AGGRESSIVE;
				CLANG_WARN_UNREACHABLE_CODE = YES;
				CLANG_WARN__DUPLICATE_METHOD_MATCH = YES;
				COPY_PHASE_STRIP = NO;
				DEBUG_INFORMATION_FORMAT = "dwarf-with-dsym";
				ENABLE_NS_ASSERTIONS = NO;
				ENABLE_STRICT_OBJC_MSGSEND = YES;
				GCC_C_LANGUAGE_STANDARD = gnu11;
				GCC_NO_COMMON_BLOCKS = YES;
				GCC_WARN_64_TO_32_BIT_CONVERSION = YES;
				GCC_WARN_ABOUT_RETURN_TYPE = YES_ERROR;
				GCC_WARN_UNDECLARED_SELECTOR = YES;
				GCC_WARN_UNINITIALIZED_AUTOS = YES_AGGRESSIVE;
				GCC_WARN_UNUSED_FUNCTION = YES;
				GCC_WARN_UNUSED_VARIABLE = YES;
				IPHONEOS_DEPLOYMENT_TARGET = 13.2;
				MTL_ENABLE_DEBUG_INFO = NO;
				MTL_FAST_MATH = YES;
				SDKROOT = iphoneos;
				SWIFT_COMPILATION_MODE = wholemodule;
				SWIFT_OPTIMIZATION_LEVEL = "-O";
				VALIDATE_PRODUCT = YES;
			};
			name = Release;
		};
		5034663723F705880096F86A /* Debug */ = {
			isa = XCBuildConfiguration;
			buildSettings = {
				ASSETCATALOG_COMPILER_APPICON_NAME = AppIcon;
				CODE_SIGN_STYLE = Automatic;
				DEVELOPMENT_TEAM = MAHCB89Z56;
				INFOPLIST_FILE = "Homework 3 Weakland/Info.plist";
				LD_RUNPATH_SEARCH_PATHS = (
					"$(inherited)",
					"@executable_path/Frameworks",
				);
				PRODUCT_BUNDLE_IDENTIFIER = "lucasweaklandprog2.Homework-3-Weakland";
				PRODUCT_NAME = "$(TARGET_NAME)";
				SWIFT_VERSION = 5.0;
				TARGETED_DEVICE_FAMILY = "1,2";
			};
			name = Debug;
		};
		5034663823F705880096F86A /* Release */ = {
			isa = XCBuildConfiguration;
			buildSettings = {
				ASSETCATALOG_COMPILER_APPICON_NAME = AppIcon;
				CODE_SIGN_STYLE = Automatic;
				DEVELOPMENT_TEAM = MAHCB89Z56;
				INFOPLIST_FILE = "Homework 3 Weakland/Info.plist";
				LD_RUNPATH_SEARCH_PATHS = (
					"$(inherited)",
					"@executable_path/Frameworks",
				);
				PRODUCT_BUNDLE_IDENTIFIER = "lucasweaklandprog2.Homework-3-Weakland";
				PRODUCT_NAME = "$(TARGET_NAME)";
				SWIFT_VERSION = 5.0;
				TARGETED_DEVICE_FAMILY = "1,2";
			};
			name = Release;
		};
		5034663A23F705880096F86A /* Debug */ = {
			isa = XCBuildConfiguration;
			buildSettings = {
				ALWAYS_EMBED_SWIFT_STANDARD_LIBRARIES = YES;
				BUNDLE_LOADER = "$(TEST_HOST)";
				CODE_SIGN_STYLE = Automatic;
				DEVELOPMENT_TEAM = MAHCB89Z56;
				INFOPLIST_FILE = "Homework 3 WeaklandTests/Info.plist";
				IPHONEOS_DEPLOYMENT_TARGET = 13.2;
				LD_RUNPATH_SEARCH_PATHS = (
					"$(inherited)",
					"@executable_path/Frameworks",
					"@loader_path/Frameworks",
				);
				PRODUCT_BUNDLE_IDENTIFIER = "lucasweaklandprog2.Homework-3-WeaklandTests";
				PRODUCT_NAME = "$(TARGET_NAME)";
				SWIFT_VERSION = 5.0;
				TARGETED_DEVICE_FAMILY = "1,2";
				TEST_HOST = "$(BUILT_PRODUCTS_DIR)/Homework 3 Weakland.app/Homework 3 Weakland";
			};
			name = Debug;
		};
		5034663B23F705880096F86A /* Release */ = {
			isa = XCBuildConfiguration;
			buildSettings = {
				ALWAYS_EMBED_SWIFT_STANDARD_LIBRARIES = YES;
				BUNDLE_LOADER = "$(TEST_HOST)";
				CODE_SIGN_STYLE = Automatic;
				DEVELOPMENT_TEAM = MAHCB89Z56;
				INFOPLIST_FILE = "Homework 3 WeaklandTests/Info.plist";
				IPHONEOS_DEPLOYMENT_TARGET = 13.2;
				LD_RUNPATH_SEARCH_PATHS = (
					"$(inherited)",
					"@executable_path/Frameworks",
					"@loader_path/Frameworks",
				);
				PRODUCT_BUNDLE_IDENTIFIER = "lucasweaklandprog2.Homework-3-WeaklandTests";
				PRODUCT_NAME = "$(TARGET_NAME)";
				SWIFT_VERSION = 5.0;
				TARGETED_DEVICE_FAMILY = "1,2";
				TEST_HOST = "$(BUILT_PRODUCTS_DIR)/Homework 3 Weakland.app/Homework 3 Weakland";
			};
			name = Release;
		};
		5034663D23F705880096F86A /* Debug */ = {
			isa = XCBuildConfiguration;
			buildSettings = {
				ALWAYS_EMBED_SWIFT_STANDARD_LIBRARIES = YES;
				CODE_SIGN_STYLE = Automatic;
				DEVELOPMENT_TEAM = MAHCB89Z56;
				INFOPLIST_FILE = "Homework 3 WeaklandUITests/Info.plist";
				LD_RUNPATH_SEARCH_PATHS = (
					"$(inherited)",
					"@executable_path/Frameworks",
					"@loader_path/Frameworks",
				);
				PRODUCT_BUNDLE_IDENTIFIER = "lucasweaklandprog2.Homework-3-WeaklandUITests";
				PRODUCT_NAME = "$(TARGET_NAME)";
				SWIFT_VERSION = 5.0;
				TARGETED_DEVICE_FAMILY = "1,2";
				TEST_TARGET_NAME = "Homework 3 Weakland";
			};
			name = Debug;
		};
		5034663E23F705880096F86A /* Release */ = {
			isa = XCBuildConfiguration;
			buildSettings = {
				ALWAYS_EMBED_SWIFT_STANDARD_LIBRARIES = YES;
				CODE_SIGN_STYLE = Automatic;
				DEVELOPMENT_TEAM = MAHCB89Z56;
				INFOPLIST_FILE = "Homework 3 WeaklandUITests/Info.plist";
				LD_RUNPATH_SEARCH_PATHS = (
					"$(inherited)",
					"@executable_path/Frameworks",
					"@loader_path/Frameworks",
				);
				PRODUCT_BUNDLE_IDENTIFIER = "lucasweaklandprog2.Homework-3-WeaklandUITests";
				PRODUCT_NAME = "$(TARGET_NAME)";
				SWIFT_VERSION = 5.0;
				TARGETED_DEVICE_FAMILY = "1,2";
				TEST_TARGET_NAME = "Homework 3 Weakland";
			};
			name = Release;
		};
/* End XCBuildConfiguration section */

/* Begin XCConfigurationList section */
		5034660723F705830096F86A /* Build configuration list for PBXProject "Homework 3 Weakland" */ = {
			isa = XCConfigurationList;
			buildConfigurations = (
				5034663423F705880096F86A /* Debug */,
				5034663523F705880096F86A /* Release */,
			);
			defaultConfigurationIsVisible = 0;
			defaultConfigurationName = Release;
		};
		5034663623F705880096F86A /* Build configuration list for PBXNativeTarget "Homework 3 Weakland" */ = {
			isa = XCConfigurationList;
			buildConfigurations = (
				5034663723F705880096F86A /* Debug */,
				5034663823F705880096F86A /* Release */,
			);
			defaultConfigurationIsVisible = 0;
			defaultConfigurationName = Release;
		};
		5034663923F705880096F86A /* Build configuration list for PBXNativeTarget "Homework 3 WeaklandTests" */ = {
			isa = XCConfigurationList;
			buildConfigurations = (
				5034663A23F705880096F86A /* Debug */,
				5034663B23F705880096F86A /* Release */,
			);
			defaultConfigurationIsVisible = 0;
			defaultConfigurationName = Release;
		};
		5034663C23F705880096F86A /* Build configuration list for PBXNativeTarget "Homework 3 WeaklandUITests" */ = {
			isa = XCConfigurationList;
			buildConfigurations = (
				5034663D23F705880096F86A /* Debug */,
				5034663E23F705880096F86A /* Release */,
			);
			defaultConfigurationIsVisible = 0;
			defaultConfigurationName = Release;
		};
/* End XCConfigurationList section */
	};
	rootObject = 5034660423F705830096F86A /* Project object */;
}
